{
  "name": "automation-exercise",
  "version": "1.0.0",
  "lockfileVersion": 1,
  "requires": true,
  "dependencies": {
    "@arr/every": {
      "version": "1.0.1",
      "resolved": "https://registry.npmjs.org/@arr/every/-/every-1.0.1.tgz",
      "integrity": "sha512-UQFQ6SgyJ6LX42W8rHCs8KVc0JS0tzVL9ct4XYedJukskYVWTo49tNiMEK9C2HTyarbNiT/RVIRSY82vH+6sTg=="
    },
    "@exodus/schemasafe": {
      "version": "1.0.0-rc.6",
      "resolved": "https://registry.npmjs.org/@exodus/schemasafe/-/schemasafe-1.0.0-rc.6.tgz",
      "integrity": "sha512-dDnQizD94EdBwEj/fh3zPRa/HWCS9O5au2PuHhZBbuM3xWHxuaKzPBOEWze7Nn0xW68MIpZ7Xdyn1CoCpjKCuQ=="
    },
    "@polka/url": {
      "version": "0.5.0",
      "resolved": "https://registry.npmjs.org/@polka/url/-/url-0.5.0.tgz",
      "integrity": "sha512-oZLYFEAzUKyi3SKnXvj32ZCEGH6RDnao7COuCVhDydMS9NrCSVXhM79VaKyP5+Zc33m0QXEd2DN3UkU7OsHcfw=="
    },
    "asynckit": {
      "version": "0.4.0",
      "resolved": "https://registry.npmjs.org/asynckit/-/asynckit-0.4.0.tgz",
      "integrity": "sha512-Oei9OH4tRh0YqU3GxhX79dM/mwVgvbZJaSNaRk+bshkj0S5cfHcgYakreBjrHwatXKbz+IoIdYLxrKim2MjW0Q=="
    },
    "centra": {
      "version": "2.5.0",
      "resolved": "https://registry.npmjs.org/centra/-/centra-2.5.0.tgz",
      "integrity": "sha512-CnSF1HD8vOOgNbE4P2fZEhdhfAohvpcF3DSdSvEcSHDAZvr+Xfw73isT8SXJJc3VMBqSwjXhr29/ikHUgFcypg=="
    },
    "combined-stream": {
      "version": "1.0.8",
      "resolved": "https://registry.npmjs.org/combined-stream/-/combined-stream-1.0.8.tgz",
      "integrity": "sha512-FQN4MRfuJeHf7cBbBMJFXhKSDq+2kAArBlmRBvcvFE5BB1HZKXtSFASDhdlz9zOYwxh8lDdnvmMOe/+5cdoEdg==",
      "requires": {
        "delayed-stream": "~1.0.0"
      }
    },
    "deep-override": {
      "version": "1.0.2",
      "resolved": "https://registry.npmjs.org/deep-override/-/deep-override-1.0.2.tgz",
      "integrity": "sha512-+bAuLuYqaVVUWPaq8rmU8NLTX85p4I5k5/cVdhBioEfH7k+5NlGdv4NoJVQcJRByqzzTWWzTpih+pU1wBTmMow=="
    },
    "delayed-stream": {
      "version": "1.0.0",
      "resolved": "https://registry.npmjs.org/delayed-stream/-/delayed-stream-1.0.0.tgz",
      "integrity": "sha512-ZySD7Nf91aLB0RxL4KGrKHBXl7Eds1DAmEdcoVawXnLD7SDhpNgtuII2aAkg7a7QS41jxPSZ17p4VdGnMHk3MQ=="
    },
    "dequal": {
      "version": "2.0.2",
      "resolved": "https://registry.npmjs.org/dequal/-/dequal-2.0.2.tgz",
      "integrity": "sha512-q9K8BlJVxK7hQYqa6XISGmBZbtQQWVXSrRrWreHC94rMt1QL/Impruc+7p2CYSYuVIUr+YCt6hjrs1kkdJRTug=="
    },
    "diff": {
      "version": "5.1.0",
      "resolved": "https://registry.npmjs.org/diff/-/diff-5.1.0.tgz",
      "integrity": "sha512-D+mk+qE8VC/PAUrlAU34N+VfXev0ghe5ywmpqrawphmVZc1bEfn56uo9qpyGp1p4xpzOHkSW4ztBd6L7Xx4ACw=="
    },
    "form-data-lite": {
      "version": "1.0.2",
      "resolved": "https://registry.npmjs.org/form-data-lite/-/form-data-lite-1.0.2.tgz",
      "integrity": "sha512-P0Ohn4DNGUIm3gTriMxMSeeR74Q2m25ZGPduSEpEMWN+q7SL2HYHGyuk/B5U61Wb04vtWDTUIYEDafhJ9PGwJg==",
      "requires": {
        "asynckit": "^0.4.0",
        "combined-stream": "^1.0.8",
        "mime-lite": "^1.0.2"
      }
    },
    "json-query": {
      "version": "2.2.2",
      "resolved": "https://registry.npmjs.org/json-query/-/json-query-2.2.2.tgz",
      "integrity": "sha1-tlWLijeUzNIXkmqjgCQyS3e0irE="
    },
    "kleur": {
      "version": "4.1.4",
      "resolved": "https://registry.npmjs.org/kleur/-/kleur-4.1.4.tgz",
      "integrity": "sha512-8QADVssbrFjivHWQU7KkMgptGTl6WAcSdlbBPY4uNF+mWr6DGcKrvY2w4FQJoXch7+fKMjj0dRrL75vk3k23OA=="
    },
    "klona": {
      "version": "2.0.5",
      "resolved": "https://registry.npmjs.org/klona/-/klona-2.0.5.tgz",
      "integrity": "sha512-pJiBpiXMbt7dkzXe8Ghj/u4FfXOOa98fPW+bihOJ4SjnoijweJrNThJfd3ifXpXhREjpoF2mZVH1GfS9LV3kHQ=="
    },
    "lightcookie": {
      "version": "1.0.25",
      "resolved": "https://registry.npmjs.org/lightcookie/-/lightcookie-1.0.25.tgz",
      "integrity": "sha512-SrY/+eBPaKAMnsn7mCsoOMZzoQyCyHHHZlFCu2fjo28XxSyCLjlooKiTxyrXTg8NPaHp1YzWi0lcGG1gDi6KHw=="
    },
    "matchit": {
      "version": "1.1.0",
      "resolved": "https://registry.npmjs.org/matchit/-/matchit-1.1.0.tgz",
      "integrity": "sha512-+nGYoOlfHmxe5BW5tE0EMJppXEwdSf8uBA1GTZC7Q77kbT35+VKLYJMzVNWCHSsga1ps1tPYFtFyvxvKzWVmMA==",
      "requires": {
        "@arr/every": "^1.0.0"
      }
    },
    "mime-lite": {
      "version": "1.0.2",
      "resolved": "https://registry.npmjs.org/mime-lite/-/mime-lite-1.0.2.tgz",
      "integrity": "sha512-HkTeRkg8B7nSw+ScQFPXBPtk6sKHVUj/HL9dvvgWRe2NZODrNTAIp5ni84oWb9jZBggheZDgYL9Fz0b29Q9a5A=="
    },
    "mri": {
      "version": "1.2.0",
      "resolved": "https://registry.npmjs.org/mri/-/mri-1.2.0.tgz",
      "integrity": "sha512-tzzskb3bG8LvYGFF/mDTpq3jpI6Q9wc3LEmBaghu+DdCssd1FakN7Bc0hVNmEyGq1bq3RgfkCb3cmQLpNPOroA=="
    },
    "openapi-fuzzer-core": {
      "version": "1.0.6",
      "resolved": "https://registry.npmjs.org/openapi-fuzzer-core/-/openapi-fuzzer-core-1.0.6.tgz",
      "integrity": "sha512-FJNJIfgUFuv4NmVGq9MYdoKra2GrkDy2uhIjE2YGlw30UA1glf4SXLMhI4UwdcJ8jisKdIxi7lXrfej8GvNW5w==",
      "requires": {
        "klona": "^2.0.4"
      }
    },
    "pactum": {
      "version": "3.1.9",
      "resolved": "https://registry.npmjs.org/pactum/-/pactum-3.1.9.tgz",
      "integrity": "sha512-Z38rzxbqvJ/QLnR+T4tI5yJUxWxl+lo2oWybx7XQ0qqKNlcZCldo0RDEUC9alBIsPLFJD/ygp4oAPkLNbU5iJA==",
      "requires": {
        "@exodus/schemasafe": "^1.0.0-rc.6",
        "deep-override": "^1.0.2",
        "form-data-lite": "^1.0.2",
        "json-query": "^2.2.2",
        "klona": "^2.0.5",
        "lightcookie": "^1.0.25",
        "openapi-fuzzer-core": "^1.0.6",
        "pactum-matchers": "^1.1.1",
        "parse-graphql": "^1.0.0",
        "phin": "^3.6.0",
        "polka": "^0.5.2"
      }
    },
    "pactum-matchers": {
      "version": "1.1.1",
      "resolved": "https://registry.npmjs.org/pactum-matchers/-/pactum-matchers-1.1.1.tgz",
      "integrity": "sha512-n22c45XcUQnZDlsd+8nyns5yuwoCel92rwcyIcz78ok9VsGOu8fDkChfs8FVzQOrEKTEa7gbTjA+EFVkAF47OQ=="
    },
    "parse-graphql": {
      "version": "1.0.0",
      "resolved": "https://registry.npmjs.org/parse-graphql/-/parse-graphql-1.0.0.tgz",
      "integrity": "sha512-NjvQHHaiPCxPZrhm/kKnorxOv7r/eA+tE0VW5E8iJMH9wTqFA1V0YK/7nbpxVu3JdXUxyWTKMez9lsHUtAwa0w=="
    },
    "phin": {
      "version": "3.6.1",
      "resolved": "https://registry.npmjs.org/phin/-/phin-3.6.1.tgz",
      "integrity": "sha512-ubcFKk2jRr2WUJEh+QpMkCgOQansJDuIShKbsjpejeyI/aOMLrAf0TaisbMjKwTq9CsypFFJqUaN9ZSRmBJLPw==",
      "requires": {
        "centra": "^2.4.2"
      }
    },
    "polka": {
      "version": "0.5.2",
      "resolved": "https://registry.npmjs.org/polka/-/polka-0.5.2.tgz",
      "integrity": "sha512-FVg3vDmCqP80tOrs+OeNlgXYmFppTXdjD5E7I4ET1NjvtNmQrb1/mJibybKkb/d4NA7YWAr1ojxuhpL3FHqdlw==",
      "requires": {
        "@polka/url": "^0.5.0",
        "trouter": "^2.0.1"
      }
    },
    "sade": {
      "version": "1.8.1",
      "resolved": "https://registry.npmjs.org/sade/-/sade-1.8.1.tgz",
      "integrity": "sha512-xal3CZX1Xlo/k4ApwCFrHVACi9fBqJ7V+mwhBsuf/1IOKbBy098Fex+Wa/5QMubw09pSZ/u8EY8PWgevJsXp1A==",
      "requires": {
        "mri": "^1.1.0"
      }
    },
    "trouter": {
      "version": "2.0.1",
      "resolved": "https://registry.npmjs.org/trouter/-/trouter-2.0.1.tgz",
      "integrity": "sha512-kr8SKKw94OI+xTGOkfsvwZQ8mWoikZDd2n8XZHjJVZUARZT+4/VV6cacRS6CLsH9bNm+HFIPU1Zx4CnNnb4qlQ==",
      "requires": {
        "matchit": "^1.0.0"
      }
    },
    "uvu": {
      "version": "0.5.3",
      "resolved": "https://registry.npmjs.org/uvu/-/uvu-0.5.3.tgz",
      "integrity": "sha512-brFwqA3FXzilmtnIyJ+CxdkInkY/i4ErvP7uV0DnUVxQcQ55reuHphorpF+tZoVHK2MniZ/VJzI7zJQoc9T9Yw==",
      "requires": {
        "dequal": "^2.0.0",
        "diff": "^5.0.0",
        "kleur": "^4.0.3",
        "sade": "^1.7.3"
      }
    }
  }
}
